// !$*UTF8*$!
{
	archiveVersion = 1;
	classes = {
	};
	objectVersion = 50;
	objects = {

/* Begin PBXBuildFile section */
		25E527E9228CFF4F00EDA13E /* AppDelegate.swift in Sources */ = {isa = PBXBuildFile; fileRef = 25E527E8228CFF4F00EDA13E /* AppDelegate.swift */; };
		25E527EB228CFF4F00EDA13E /* ViewController.swift in Sources */ = {isa = PBXBuildFile; fileRef = 25E527EA228CFF4F00EDA13E /* ViewController.swift */; };
		25E527EE228CFF4F00EDA13E /* Main.storyboard in Resources */ = {isa = PBXBuildFile; fileRef = 25E527EC228CFF4F00EDA13E /* Main.storyboard */; };
		25E527F0228CFF5000EDA13E /* Assets.xcassets in Resources */ = {isa = PBXBuildFile; fileRef = 25E527EF228CFF5000EDA13E /* Assets.xcassets */; };
		25E527F3228CFF5000EDA13E /* LaunchScreen.storyboard in Resources */ = {isa = PBXBuildFile; fileRef = 25E527F1228CFF5000EDA13E /* LaunchScreen.storyboard */; };
		88C74DBF1A413BA9FE1D0F50 /* Pods_AlgorithmGame.framework in Frameworks */ = {isa = PBXBuildFile; fileRef = EDACFD3651603FCBFE043490 /* Pods_AlgorithmGame.framework */; };
/* End PBXBuildFile section */

/* Begin PBXFileReference section */
		25E527E5228CFF4F00EDA13E /* AlgorithmGame.app */ = {isa = PBXFileReference; explicitFileType = wrapper.application; includeInIndex = 0; path = AlgorithmGame.app; sourceTree = BUILT_PRODUCTS_DIR; };
		25E527E8228CFF4F00EDA13E /* AppDelegate.swift */ = {isa = PBXFileReference; lastKnownFileType = sourcecode.swift; path = AppDelegate.swift; sourceTree = "<group>"; };
		25E527EA228CFF4F00EDA13E /* ViewController.swift */ = {isa = PBXFileReference; lastKnownFileType = sourcecode.swift; path = ViewController.swift; sourceTree = "<group>"; };
		25E527ED228CFF4F00EDA13E /* Base */ = {isa = PBXFileReference; lastKnownFileType = file.storyboard; name = Base; path = Base.lproj/Main.storyboard; sourceTree = "<group>"; };
		25E527EF228CFF5000EDA13E /* Assets.xcassets */ = {isa = PBXFileReference; lastKnownFileType = folder.assetcatalog; path = Assets.xcassets; sourceTree = "<group>"; };
		25E527F2228CFF5000EDA13E /* Base */ = {isa = PBXFileReference; lastKnownFileType = file.storyboard; name = Base; path = Base.lproj/LaunchScreen.storyboard; sourceTree = "<group>"; };
		25E527F4228CFF5000EDA13E /* Info.plist */ = {isa = PBXFileReference; lastKnownFileType = text.plist.xml; path = Info.plist; sourceTree = "<group>"; };
		5699E4EB016BB841AEE49027 /* Pods-AlgorithmGame.release.xcconfig */ = {isa = PBXFileReference; includeInIndex = 1; lastKnownFileType = text.xcconfig; name = "Pods-AlgorithmGame.release.xcconfig"; path = "Pods/Target Support Files/Pods-AlgorithmGame/Pods-AlgorithmGame.release.xcconfig"; sourceTree = "<group>"; };
		5FAC100EB2142DB0D862EE95 /* Pods-AlgorithmGame.debug.xcconfig */ = {isa = PBXFileReference; includeInIndex = 1; lastKnownFileType = text.xcconfig; name = "Pods-AlgorithmGame.debug.xcconfig"; path = "Pods/Target Support Files/Pods-AlgorithmGame/Pods-AlgorithmGame.debug.xcconfig"; sourceTree = "<group>"; };
		EDACFD3651603FCBFE043490 /* Pods_AlgorithmGame.framework */ = {isa = PBXFileReference; explicitFileType = wrapper.framework; includeInIndex = 0; path = Pods_AlgorithmGame.framework; sourceTree = BUILT_PRODUCTS_DIR; };
/* End PBXFileReference section */

/* Begin PBXFrameworksBuildPhase section */
		25E527E2228CFF4F00EDA13E /* Frameworks */ = {
			isa = PBXFrameworksBuildPhase;
			buildActionMask = 2147483647;
			files = (
				88C74DBF1A413BA9FE1D0F50 /* Pods_AlgorithmGame.framework in Frameworks */,
			);
			runOnlyForDeploymentPostprocessing = 0;
		};
/* End PBXFrameworksBuildPhase section */

/* Begin PBXGroup section */
		236FEEE699B1E15D4C6EDE5C /* Frameworks */ = {
			isa = PBXGroup;
			children = (
				EDACFD3651603FCBFE043490 /* Pods_AlgorithmGame.framework */,
			);
			name = Frameworks;
			sourceTree = "<group>";
		};
		25E527DC228CFF4F00EDA13E = {
			isa = PBXGroup;
			children = (
				25E527E7228CFF4F00EDA13E /* AlgorithmGame */,
				25E527E6228CFF4F00EDA13E /* Products */,
				E342A8C83A5B4507E97D98C0 /* Pods */,
				236FEEE699B1E15D4C6EDE5C /* Frameworks */,
			);
			sourceTree = "<group>";
		};
		25E527E6228CFF4F00EDA13E /* Products */ = {
			isa = PBXGroup;
			children = (
				25E527E5228CFF4F00EDA13E /* AlgorithmGame.app */,
			);
			name = Products;
			sourceTree = "<group>";
		};
		25E527E7228CFF4F00EDA13E /* AlgorithmGame */ = {
			isa = PBXGroup;
			children = (
				25E527E8228CFF4F00EDA13E /* AppDelegate.swift */,
				25E527EA228CFF4F00EDA13E /* ViewController.swift */,
				25E527EC228CFF4F00EDA13E /* Main.storyboard */,
				25E527EF228CFF5000EDA13E /* Assets.xcassets */,
				25E527F1228CFF5000EDA13E /* LaunchScreen.storyboard */,
				25E527F4228CFF5000EDA13E /* Info.plist */,
			);
			path = AlgorithmGame;
			sourceTree = "<group>";
		};
		E342A8C83A5B4507E97D98C0 /* Pods */ = {
			isa = PBXGroup;
			children = (
				5FAC100EB2142DB0D862EE95 /* Pods-AlgorithmGame.debug.xcconfig */,
				5699E4EB016BB841AEE49027 /* Pods-AlgorithmGame.release.xcconfig */,
			);
			name = Pods;
			sourceTree = "<group>";
		};
/* End PBXGroup section */

/* Begin PBXNativeTarget section */
		25E527E4228CFF4F00EDA13E /* AlgorithmGame */ = {
			isa = PBXNativeTarget;
			buildConfigurationList = 25E527F7228CFF5000EDA13E /* Build configuration list for PBXNativeTarget "AlgorithmGame" */;
			buildPhases = (
				40F159FA9EDCB8D3FBA931ED /* [CP] Check Pods Manifest.lock */,
				25E527E1228CFF4F00EDA13E /* Sources */,
				25E527E2228CFF4F00EDA13E /* Frameworks */,
				25E527E3228CFF4F00EDA13E /* Resources */,
			);
			buildRules = (
			);
			dependencies = (
			);
			name = AlgorithmGame;
			productName = AlgorithmGame;
			productReference = 25E527E5228CFF4F00EDA13E /* AlgorithmGame.app */;
			productType = "com.apple.product-type.application";
		};
/* End PBXNativeTarget section */

/* Begin PBXProject section */
		25E527DD228CFF4F00EDA13E /* Project object */ = {
			isa = PBXProject;
			attributes = {
				LastSwiftUpdateCheck = 1010;
				LastUpgradeCheck = 1010;
				ORGANIZATIONNAME = "张驰";
				TargetAttributes = {
					25E527E4228CFF4F00EDA13E = {
						CreatedOnToolsVersion = 10.1;
					};
				};
			};
			buildConfigurationList = 25E527E0228CFF4F00EDA13E /* Build configuration list for PBXProject "AlgorithmGame" */;
			compatibilityVersion = "Xcode 9.3";
			developmentRegion = en;
			hasScannedForEncodings = 0;
			knownRegions = (
				en,
				Base,
			);
			mainGroup = 25E527DC228CFF4F00EDA13E;
			productRefGroup = 25E527E6228CFF4F00EDA13E /* Products */;
			projectDirPath = "";
			projectRoot = "";
			targets = (
				25E527E4228CFF4F00EDA13E /* AlgorithmGame */,
			);
		};
/* End PBXProject section */

/* Begin PBXResourcesBuildPhase section */
		25E527E3228CFF4F00EDA13E /* Resources */ = {
			isa = PBXResourcesBuildPhase;
			buildActionMask = 2147483647;
			files = (
				25E527F3228CFF5000EDA13E /* LaunchScreen.storyboard in Resources */,
				25E527F0228CFF5000EDA13E /* Assets.xcassets in Resources */,
				25E527EE228CFF4F00EDA13E /* Main.storyboard in Resources */,
			);
			runOnlyForDeploymentPostprocessing = 0;
		};
/* End PBXResourcesBuildPhase section */

/* Begin PBXShellScriptBuildPhase section */
		40F159FA9EDCB8D3FBA931ED /* [CP] Check Pods Manifest.lock */ = {
			isa = PBXShellScriptBuildPhase;
			buildActionMask = 2147483647;
			files = (
			);
			inputPaths = (
				"${PODS_PODFILE_DIR_PATH}/Podfile.lock",
				"${PODS_ROOT}/Manifest.lock",
			);
			name = "[CP] Check Pods Manifest.lock";
			outputPaths = (
				"$(DERIVED_FILE_DIR)/Pods-AlgorithmGame-checkManifestLockResult.txt",
			);
			runOnlyForDeploymentPostprocessing = 0;
			shellPath = /bin/sh;
			shellScript = "diff \"${PODS_PODFILE_DIR_PATH}/Podfile.lock\" \"${PODS_ROOT}/Manifest.lock\" > /dev/null\nif [ $? != 0 ] ; then\n    # print error to STDERR\n    echo \"error: The sandbox is not in sync with the Podfile.lock. Run 'pod install' or update your CocoaPods installation.\" >&2\n    exit 1\nfi\n# This output is used by Xcode 'outputs' to avoid re-running this script phase.\necho \"SUCCESS\" > \"${SCRIPT_OUTPUT_FILE_0}\"\n";
			showEnvVarsInLog = 0;
		};
/* End PBXShellScriptBuildPhase section */

/* Begin PBXSourcesBuildPhase section */
		25E527E1228CFF4F00EDA13E /* Sources */ = {
			isa = PBXSourcesBuildPhase;
			buildActionMask = 2147483647;
			files = (
				25E527EB228CFF4F00EDA13E /* ViewController.swift in Sources */,
				25E527E9228CFF4F00EDA13E /* AppDelegate.swift in Sources */,
			);
			runOnlyForDeploymentPostprocessing = 0;
		};
/* End PBXSourcesBuildPhase section */

/* Begin PBXVariantGroup section */
		25E527EC228CFF4F00EDA13E /* Main.storyboard */ = {
			isa = PBXVariantGroup;
			children = (
				25E527ED228CFF4F00EDA13E /* Base */,
			);
			name = Main.storyboard;
			sourceTree = "<group>";
		};
		25E527F1228CFF5000EDA13E /* LaunchScreen.storyboard */ = {
			isa = PBXVariantGroup;
			children = (
				25E527F2228CFF5000EDA13E /* Base */,
			);
			name = LaunchScreen.storyboard;
			sourceTree = "<group>";
		};
/* End PBXVariantGroup section */

/* Begin XCBuildConfiguration section */
		25E527F5228CFF5000EDA13E /* Debug */ = {
			isa = XCBuildConfiguration;
			buildSettings = {
				ALWAYS_SEARCH_USER_PATHS = NO;
				CLANG_ANALYZER_NONNULL = YES;
				CLANG_ANALYZER_NUMBER_OBJECT_CONVERSION = YES_AGGRESSIVE;
				CLANG_CXX_LANGUAGE_STANDARD = "gnu++14";
				CLANG_CXX_LIBRARY = "libc++";
				CLANG_ENABLE_MODULES = YES;
				CLANG_ENABLE_OBJC_ARC = YES;
				CLANG_ENABLE_OBJC_WEAK = YES;
				CLANG_WARN_BLOCK_CAPTURE_AUTORELEASING = YES;
				CLANG_WARN_BOOL_CONVERSION = YES;
				CLANG_WARN_COMMA = YES;
				CLANG_WARN_CONSTANT_CONVERSION = YES;
				CLANG_WARN_DEPRECATED_OBJC_IMPLEMENTATIONS = YES;
				CLANG_WARN_DIRECT_OBJC_ISA_USAGE = YES_ERROR;
				CLANG_WARN_DOCUMENTATION_COMMENTS = YES;
				CLANG_WARN_EMPTY_BODY = YES;
				CLANG_WARN_ENUM_CONVERSION = YES;
				CLANG_WARN_INFINITE_RECURSION = YES;
				CLANG_WARN_INT_CONVERSION = YES;
				CLANG_WARN_NON_LITERAL_NULL_CONVERSION = YES;
				CLANG_WARN_OBJC_IMPLICIT_RETAIN_SELF = YES;
				CLANG_WARN_OBJC_LITERAL_CONVERSION = YES;
				CLANG_WARN_OBJC_ROOT_CLASS = YES_ERROR;
				CLANG_WARN_RANGE_LOOP_ANALYSIS = YES;
				CLANG_WARN_STRICT_PROTOTYPES = YES;
				CLANG_WARN_SUSPICIOUS_MOVE = YES;
				CLANG_WARN_UNGUARDED_AVAILABILITY = YES_AGGRESSIVE;
				CLANG_WARN_UNREACHABLE_CODE = YES;
				CLANG_WARN__DUPLICATE_METHOD_MATCH = YES;
				CODE_SIGN_IDENTITY = "iPhone Developer";
				COPY_PHASE_STRIP = NO;
				DEBUG_INFORMATION_FORMAT = dwarf;
				ENABLE_STRICT_OBJC_MSGSEND = YES;
				ENABLE_TESTABILITY = YES;
				GCC_C_LANGUAGE_STANDARD = gnu11;
				GCC_DYNAMIC_NO_PIC = NO;
				GCC_NO_COMMON_BLOCKS = YES;
				GCC_OPTIMIZATION_LEVEL = 0;
				GCC_PREPROCESSOR_DEFINITIONS = (
					"DEBUG=1",
					"$(inherited)",
				);
				GCC_WARN_64_TO_32_BIT_CONVERSION = YES;
				GCC_WARN_ABOUT_RETURN_TYPE = YES_ERROR;
				GCC_WARN_UNDECLARED_SELECTOR = YES;
				GCC_WARN_UNINITIALIZED_AUTOS = YES_AGGRESSIVE;
				GCC_WARN_UNUSED_FUNCTION = YES;
				GCC_WARN_UNUSED_VARIABLE = YES;
				IPHONEOS_DEPLOYMENT_TARGET = 12.1;
				MTL_ENABLE_DEBUG_INFO = INCLUDE_SOURCE;
				MTL_FAST_MATH = YES;
				ONLY_ACTIVE_ARCH = YES;
				SDKROOT = iphoneos;
				SWIFT_ACTIVE_COMPILATION_CONDITIONS = DEBUG;
				SWIFT_OPTIMIZATION_LEVEL = "-Onone";
			};
			name = Debug;
		};
		25E527F6228CFF5000EDA13E /* Release */ = {
			isa = XCBuildConfiguration;
			buildSettings = {
				ALWAYS_SEARCH_USER_PATHS = NO;
				CLANG_ANALYZER_NONNULL = YES;
				CLANG_ANALYZER_NUMBER_OBJECT_CONVERSION = YES_AGGRESSIVE;
				CLANG_CXX_LANGUAGE_STANDARD = "gnu++14";
				CLANG_CXX_LIBRARY = "libc++";
				CLANG_ENABLE_MODULES = YES;
				CLANG_ENABLE_OBJC_ARC = YES;
				CLANG_ENABLE_OBJC_WEAK = YES;
				CLANG_WARN_BLOCK_CAPTURE_AUTORELEASING = YES;
				CLANG_WARN_BOOL_CONVERSION = YES;
				CLANG_WARN_COMMA = YES;
				CLANG_WARN_CONSTANT_CONVERSION = YES;
				CLANG_WARN_DEPRECATED_OBJC_IMPLEMENTATIONS = YES;
				CLANG_WARN_DIRECT_OBJC_ISA_USAGE = YES_ERROR;
				CLANG_WARN_DOCUMENTATION_COMMENTS = YES;
				CLANG_WARN_EMPTY_BODY = YES;
				CLANG_WARN_ENUM_CONVERSION = YES;
				CLANG_WARN_INFINITE_RECURSION = YES;
				CLANG_WARN_INT_CONVERSION = YES;
				CLANG_WARN_NON_LITERAL_NULL_CONVERSION = YES;
				CLANG_WARN_OBJC_IMPLICIT_RETAIN_SELF = YES;
				CLANG_WARN_OBJC_LITERAL_CONVERSION = YES;
				CLANG_WARN_OBJC_ROOT_CLASS = YES_ERROR;
				CLANG_WARN_RANGE_LOOP_ANALYSIS = YES;
				CLANG_WARN_STRICT_PROTOTYPES = YES;
				CLANG_WARN_SUSPICIOUS_MOVE = YES;
				CLANG_WARN_UNGUARDED_AVAILABILITY = YES_AGGRESSIVE;
				CLANG_WARN_UNREACHABLE_CODE = YES;
				CLANG_WARN__DUPLICATE_METHOD_MATCH = YES;
				CODE_SIGN_IDENTITY = "iPhone Developer";
				COPY_PHASE_STRIP = NO;
				DEBUG_INFORMATION_FORMAT = "dwarf-with-dsym";
				ENABLE_NS_ASSERTIONS = NO;
				ENABLE_STRICT_OBJC_MSGSEND = YES;
				GCC_C_LANGUAGE_STANDARD = gnu11;
				GCC_NO_COMMON_BLOCKS = YES;
				GCC_WARN_64_TO_32_BIT_CONVERSION = YES;
				GCC_WARN_ABOUT_RETURN_TYPE = YES_ERROR;
				GCC_WARN_UNDECLARED_SELECTOR = YES;
				GCC_WARN_UNINITIALIZED_AUTOS = YES_AGGRESSIVE;
				GCC_WARN_UNUSED_FUNCTION = YES;
				GCC_WARN_UNUSED_VARIABLE = YES;
				IPHONEOS_DEPLOYMENT_TARGET = 12.1;
				MTL_ENABLE_DEBUG_INFO = NO;
				MTL_FAST_MATH = YES;
				SDKROOT = iphoneos;
				SWIFT_COMPILATION_MODE = wholemodule;
				SWIFT_OPTIMIZATION_LEVEL = "-O";
				VALIDATE_PRODUCT = YES;
			};
			name = Release;
		};
		25E527F8228CFF5000EDA13E /* Debug */ = {
			isa = XCBuildConfiguration;
			baseConfigurationReference = 5FAC100EB2142DB0D862EE95 /* Pods-AlgorithmGame.debug.xcconfig */;
			buildSettings = {
				ASSETCATALOG_COMPILER_APPICON_NAME = AppIcon;
				CODE_SIGN_STYLE = Automatic;
				DEVELOPMENT_TEAM = D63Q2FUWT6;
				INFOPLIST_FILE = AlgorithmGame/Info.plist;
				LD_RUNPATH_SEARCH_PATHS = (
					"$(inherited)",
					"@executable_path/Frameworks",
				);
				PRODUCT_BUNDLE_IDENTIFIER = net.zc.one.AlgorithmGame;
				PRODUCT_NAME = "$(TARGET_NAME)";
				SWIFT_VERSION = 4.2;
				TARGETED_DEVICE_FAMILY = "1,2";
			};
			name = Debug;
		};
		25E527F9228CFF5000EDA13E /* Release */ = {
			isa = XCBuildConfiguration;
			baseConfigurationReference = 5699E4EB016BB841AEE49027 /* Pods-AlgorithmGame.release.xcconfig */;
			buildSettings = {
				ASSETCATALOG_COMPILER_APPICON_NAME = AppIcon;
				CODE_SIGN_STYLE = Automatic;
				DEVELOPMENT_TEAM = D63Q2FUWT6;
				INFOPLIST_FILE = AlgorithmGame/Info.plist;
				LD_RUNPATH_SEARCH_PATHS = (
					"$(inherited)",
					"@executable_path/Frameworks",
				);
				PRODUCT_BUNDLE_IDENTIFIER = net.zc.one.AlgorithmGame;
				PRODUCT_NAME = "$(TARGET_NAME)";
				SWIFT_VERSION = 4.2;
				TARGETED_DEVICE_FAMILY = "1,2";
			};
			name = Release;
		};
/* End XCBuildConfiguration section */

/* Begin XCConfigurationList section */
		25E527E0228CFF4F00EDA13E /* Build configuration list for PBXProject "AlgorithmGame" */ = {
			isa = XCConfigurationList;
			buildConfigurations = (
				25E527F5228CFF5000EDA13E /* Debug */,
				25E527F6228CFF5000EDA13E /* Release */,
			);
			defaultConfigurationIsVisible = 0;
			defaultConfigurationName = Release;
		};
		25E527F7228CFF5000EDA13E /* Build configuration list for PBXNativeTarget "AlgorithmGame" */ = {
			isa = XCConfigurationList;
			buildConfigurations = (
				25E527F8228CFF5000EDA13E /* Debug */,
				25E527F9228CFF5000EDA13E /* Release */,
			);
			defaultConfigurationIsVisible = 0;
			defaultConfigurationName = Release;
		};
/* End XCConfigurationList section */
	};
	rootObject = 25E527DD228CFF4F00EDA13E /* Project object */;
}
